{
  "version": 4,
  "terraform_version": "1.5.7",
  "serial": 35,
  "lineage": "df5de884-d75f-e359-1688-18486b13c7fd",
  "outputs": {},
  "resources": [
    {
      "module": "module.backup-organization-policy",
      "mode": "data",
      "type": "aws_caller_identity",
      "name": "current",
      "provider": "provider[\"registry.terraform.io/hashicorp/aws\"].management",
      "instances": [
        {
          "schema_version": 0,
          "attributes": {
            "account_id": "608633038850",
            "arn": "arn:aws:iam::608633038850:user/admin",
            "id": "608633038850",
            "user_id": "AIDAY3NK3FABB6AB54OO7"
          },
          "sensitive_attributes": []
        }
      ]
    },
    {
      "module": "module.backup-organization-policy",
      "mode": "data",
      "type": "aws_iam_policy_document",
      "name": "organization_backup_policy",
      "provider": "provider[\"registry.terraform.io/hashicorp/aws\"].management",
      "instances": [
        {
          "schema_version": 0,
          "attributes": {
            "id": "3590568361",
            "json": "{\n  \"Version\": \"2012-10-17\",\n  \"Statement\": [\n    {\n      \"Sid\": \"AllowOrganizationsRead\",\n      \"Effect\": \"Allow\",\n      \"Action\": [\n        \"organizations:List*\",\n        \"organizations:Describe*\"\n      ],\n      \"Resource\": \"*\",\n      \"Principal\": {\n        \"AWS\": \"703171089145\"\n      }\n    },\n    {\n      \"Sid\": \"AllowBackupPoliciesCreation\",\n      \"Effect\": \"Allow\",\n      \"Action\": \"organizations:CreatePolicy\",\n      \"Resource\": \"*\",\n      \"Principal\": {\n        \"AWS\": \"703171089145\"\n      },\n      \"Condition\": {\n        \"StringEquals\": {\n          \"organizations:PolicyType\": \"BACKUP_POLICY\"\n        }\n      }\n    },\n    {\n      \"Sid\": \"AllowBackupPoliciesModification\",\n      \"Effect\": \"Allow\",\n      \"Action\": [\n        \"organizations:UpdatePolicy\",\n        \"organizations:DescribePolicy\",\n        \"organizations:DeletePolicy\"\n      ],\n      \"Resource\": \"arn:aws:organizations::608633038850:policy/*/backup_policy/*\",\n      \"Principal\": {\n        \"AWS\": \"703171089145\"\n      },\n      \"Condition\": {\n        \"StringEquals\": {\n          \"organizations:PolicyType\": \"BACKUP_POLICY\"\n        }\n      }\n    },\n    {\n      \"Sid\": \"AllowBackupPoliciesTagModification\",\n      \"Effect\": \"Allow\",\n      \"Action\": [\n        \"organizations:UntagResource\",\n        \"organizations:TagResource\"\n      ],\n      \"Resource\": \"*\",\n      \"Principal\": {\n        \"AWS\": \"703171089145\"\n      }\n    },\n    {\n      \"Sid\": \"AllowBackupPoliciesAttachmentAndDetachmentToAllAccountsAndOUs\",\n      \"Effect\": \"Allow\",\n      \"Action\": [\n        \"organizations:DetachPolicy\",\n        \"organizations:AttachPolicy\"\n      ],\n      \"Resource\": [\n        \"arn:aws:organizations::608633038850:root/*\",\n        \"arn:aws:organizations::608633038850:policy/*/backup_policy/*\",\n        \"arn:aws:organizations::608633038850:ou/*\",\n        \"arn:aws:organizations::608633038850:account/*\"\n      ],\n      \"Principal\": {\n        \"AWS\": \"703171089145\"\n      },\n      \"Condition\": {\n        \"StringEquals\": {\n          \"organizations:PolicyType\": \"BACKUP_POLICY\"\n        }\n      }\n    }\n  ]\n}",
            "minified_json": "{\"Version\":\"2012-10-17\",\"Statement\":[{\"Sid\":\"AllowOrganizationsRead\",\"Effect\":\"Allow\",\"Action\":[\"organizations:List*\",\"organizations:Describe*\"],\"Resource\":\"*\",\"Principal\":{\"AWS\":\"703171089145\"}},{\"Sid\":\"AllowBackupPoliciesCreation\",\"Effect\":\"Allow\",\"Action\":\"organizations:CreatePolicy\",\"Resource\":\"*\",\"Principal\":{\"AWS\":\"703171089145\"},\"Condition\":{\"StringEquals\":{\"organizations:PolicyType\":\"BACKUP_POLICY\"}}},{\"Sid\":\"AllowBackupPoliciesModification\",\"Effect\":\"Allow\",\"Action\":[\"organizations:UpdatePolicy\",\"organizations:DescribePolicy\",\"organizations:DeletePolicy\"],\"Resource\":\"arn:aws:organizations::608633038850:policy/*/backup_policy/*\",\"Principal\":{\"AWS\":\"703171089145\"},\"Condition\":{\"StringEquals\":{\"organizations:PolicyType\":\"BACKUP_POLICY\"}}},{\"Sid\":\"AllowBackupPoliciesTagModification\",\"Effect\":\"Allow\",\"Action\":[\"organizations:UntagResource\",\"organizations:TagResource\"],\"Resource\":\"*\",\"Principal\":{\"AWS\":\"703171089145\"}},{\"Sid\":\"AllowBackupPoliciesAttachmentAndDetachmentToAllAccountsAndOUs\",\"Effect\":\"Allow\",\"Action\":[\"organizations:DetachPolicy\",\"organizations:AttachPolicy\"],\"Resource\":[\"arn:aws:organizations::608633038850:root/*\",\"arn:aws:organizations::608633038850:policy/*/backup_policy/*\",\"arn:aws:organizations::608633038850:ou/*\",\"arn:aws:organizations::608633038850:account/*\"],\"Principal\":{\"AWS\":\"703171089145\"},\"Condition\":{\"StringEquals\":{\"organizations:PolicyType\":\"BACKUP_POLICY\"}}}]}",
            "override_json": null,
            "override_policy_documents": null,
            "policy_id": null,
            "source_json": null,
            "source_policy_documents": null,
            "statement": [
              {
                "actions": [
                  "organizations:Describe*",
                  "organizations:List*"
                ],
                "condition": [],
                "effect": "Allow",
                "not_actions": [],
                "not_principals": [],
                "not_resources": [],
                "principals": [
                  {
                    "identifiers": [
                      "703171089145"
                    ],
                    "type": "AWS"
                  }
                ],
                "resources": [
                  "*"
                ],
                "sid": "AllowOrganizationsRead"
              },
              {
                "actions": [
                  "organizations:CreatePolicy"
                ],
                "condition": [
                  {
                    "test": "StringEquals",
                    "values": [
                      "BACKUP_POLICY"
                    ],
                    "variable": "organizations:PolicyType"
                  }
                ],
                "effect": "Allow",
                "not_actions": [],
                "not_principals": [],
                "not_resources": [],
                "principals": [
                  {
                    "identifiers": [
                      "703171089145"
                    ],
                    "type": "AWS"
                  }
                ],
                "resources": [
                  "*"
                ],
                "sid": "AllowBackupPoliciesCreation"
              },
              {
                "actions": [
                  "organizations:DeletePolicy",
                  "organizations:DescribePolicy",
                  "organizations:UpdatePolicy"
                ],
                "condition": [
                  {
                    "test": "StringEquals",
                    "values": [
                      "BACKUP_POLICY"
                    ],
                    "variable": "organizations:PolicyType"
                  }
                ],
                "effect": "Allow",
                "not_actions": [],
                "not_principals": [],
                "not_resources": [],
                "principals": [
                  {
                    "identifiers": [
                      "703171089145"
                    ],
                    "type": "AWS"
                  }
                ],
                "resources": [
                  "arn:aws:organizations::608633038850:policy/*/backup_policy/*"
                ],
                "sid": "AllowBackupPoliciesModification"
              },
              {
                "actions": [
                  "organizations:TagResource",
                  "organizations:UntagResource"
                ],
                "condition": [],
                "effect": "Allow",
                "not_actions": [],
                "not_principals": [],
                "not_resources": [],
                "principals": [
                  {
                    "identifiers": [
                      "703171089145"
                    ],
                    "type": "AWS"
                  }
                ],
                "resources": [
                  "*"
                ],
                "sid": "AllowBackupPoliciesTagModification"
              },
              {
                "actions": [
                  "organizations:AttachPolicy",
                  "organizations:DetachPolicy"
                ],
                "condition": [
                  {
                    "test": "StringEquals",
                    "values": [
                      "BACKUP_POLICY"
                    ],
                    "variable": "organizations:PolicyType"
                  }
                ],
                "effect": "Allow",
                "not_actions": [],
                "not_principals": [],
                "not_resources": [],
                "principals": [
                  {
                    "identifiers": [
                      "703171089145"
                    ],
                    "type": "AWS"
                  }
                ],
                "resources": [
                  "arn:aws:organizations::608633038850:account/*",
                  "arn:aws:organizations::608633038850:ou/*",
                  "arn:aws:organizations::608633038850:policy/*/backup_policy/*",
                  "arn:aws:organizations::608633038850:root/*"
                ],
                "sid": "AllowBackupPoliciesAttachmentAndDetachmentToAllAccountsAndOUs"
              }
            ],
            "version": "2012-10-17"
          },
          "sensitive_attributes": []
        }
      ]
    },
    {
      "module": "module.backup-organization-policy",
      "mode": "managed",
      "type": "aws_backup_global_settings",
      "name": "cross_account_backup",
      "provider": "provider[\"registry.terraform.io/hashicorp/aws\"].management",
      "instances": [
        {
          "schema_version": 0,
          "attributes": {
            "global_settings": {
              "isCrossAccountBackupEnabled": "true"
            },
            "id": "608633038850"
          },
          "sensitive_attributes": [],
          "private": "bnVsbA=="
        }
      ]
    },
    {
      "module": "module.backup-organization-policy",
      "mode": "managed",
      "type": "aws_organizations_delegated_administrator",
      "name": "management",
      "provider": "provider[\"registry.terraform.io/hashicorp/aws\"].management",
      "instances": [
        {
          "schema_version": 0,
          "attributes": {
            "account_id": "703171089145",
            "arn": "arn:aws:organizations::608633038850:account/o-nf1j8j167i/703171089145",
            "delegation_enabled_date": "2025-04-13T15:45:44Z",
            "email": "info@inkuboz.com",
            "id": "703171089145/backup.amazonaws.com",
            "joined_method": "CREATED",
            "joined_timestamp": "2025-04-12T00:59:35Z",
            "name": "Inkuboz Ltd",
            "service_principal": "backup.amazonaws.com",
            "status": "ACTIVE"
          },
          "sensitive_attributes": [],
          "private": "bnVsbA=="
        }
      ]
    },
    {
      "module": "module.backup-organization-policy",
      "mode": "managed",
      "type": "aws_organizations_resource_policy",
      "name": "allow_delegated_backup_administrator",
      "provider": "provider[\"registry.terraform.io/hashicorp/aws\"].management",
      "instances": [
        {
          "schema_version": 0,
          "attributes": {
            "arn": "arn:aws:organizations::608633038850:resourcepolicy/o-nf1j8j167i/rp-gw0av1ms",
            "content": "{\"Statement\":[{\"Action\":[\"organizations:List*\",\"organizations:Describe*\"],\"Effect\":\"Allow\",\"Principal\":{\"AWS\":\"703171089145\"},\"Resource\":\"*\",\"Sid\":\"AllowOrganizationsRead\"},{\"Action\":\"organizations:CreatePolicy\",\"Condition\":{\"StringEquals\":{\"organizations:PolicyType\":\"BACKUP_POLICY\"}},\"Effect\":\"Allow\",\"Principal\":{\"AWS\":\"703171089145\"},\"Resource\":\"*\",\"Sid\":\"AllowBackupPoliciesCreation\"},{\"Action\":[\"organizations:UpdatePolicy\",\"organizations:DescribePolicy\",\"organizations:DeletePolicy\"],\"Condition\":{\"StringEquals\":{\"organizations:PolicyType\":\"BACKUP_POLICY\"}},\"Effect\":\"Allow\",\"Principal\":{\"AWS\":\"703171089145\"},\"Resource\":\"arn:aws:organizations::608633038850:policy/*/backup_policy/*\",\"Sid\":\"AllowBackupPoliciesModification\"},{\"Action\":[\"organizations:UntagResource\",\"organizations:TagResource\"],\"Effect\":\"Allow\",\"Principal\":{\"AWS\":\"703171089145\"},\"Resource\":\"*\",\"Sid\":\"AllowBackupPoliciesTagModification\"},{\"Action\":[\"organizations:DetachPolicy\",\"organizations:AttachPolicy\"],\"Condition\":{\"StringEquals\":{\"organizations:PolicyType\":\"BACKUP_POLICY\"}},\"Effect\":\"Allow\",\"Principal\":{\"AWS\":\"703171089145\"},\"Resource\":[\"arn:aws:organizations::608633038850:root/*\",\"arn:aws:organizations::608633038850:policy/*/backup_policy/*\",\"arn:aws:organizations::608633038850:ou/*\",\"arn:aws:organizations::608633038850:account/*\"],\"Sid\":\"AllowBackupPoliciesAttachmentAndDetachmentToAllAccountsAndOUs\"}],\"Version\":\"2012-10-17\"}",
            "id": "rp-gw0av1ms",
            "tags": {},
            "tags_all": {}
          },
          "sensitive_attributes": [],
          "private": "bnVsbA==",
          "dependencies": [
            "module.backup-organization-policy.data.aws_caller_identity.current",
            "module.backup-organization-policy.data.aws_iam_policy_document.organization_backup_policy"
          ]
        }
      ]
    },
    {
      "module": "module.workload-account-vault-ue1",
      "mode": "data",
      "type": "aws_caller_identity",
      "name": "this",
      "provider": "provider[\"registry.terraform.io/hashicorp/aws\"].delegate_backup_account",
      "instances": [
        {
          "schema_version": 0,
          "attributes": {
            "account_id": "703171089145",
            "arn": "arn:aws:iam::703171089145:user/aws-backup",
            "id": "703171089145",
            "user_id": "AIDA2HOCDKL474ZLHVSGD"
          },
          "sensitive_attributes": []
        }
      ]
    },
    {
      "module": "module.workload-account-vault-ue1",
      "mode": "data",
      "type": "aws_iam_policy_document",
      "name": "key",
      "provider": "provider[\"registry.terraform.io/hashicorp/aws\"].delegate_backup_account",
      "instances": [
        {
          "schema_version": 0,
          "attributes": {
            "id": "770978190",
            "json": "{\n  \"Version\": \"2012-10-17\",\n  \"Statement\": [\n    {\n      \"Sid\": \"AllowAdmin\",\n      \"Effect\": \"Allow\",\n      \"NotAction\": [\n        \"kms:ReEncrypt*\",\n        \"kms:GenerateDataKey*\",\n        \"kms:Encrypt\",\n        \"kms:Decrypt\"\n      ],\n      \"Resource\": \"*\",\n      \"Principal\": {\n        \"AWS\": \"arn:aws:iam::703171089145:root\"\n      }\n    }\n  ]\n}",
            "minified_json": "{\"Version\":\"2012-10-17\",\"Statement\":[{\"Sid\":\"AllowAdmin\",\"Effect\":\"Allow\",\"NotAction\":[\"kms:ReEncrypt*\",\"kms:GenerateDataKey*\",\"kms:Encrypt\",\"kms:Decrypt\"],\"Resource\":\"*\",\"Principal\":{\"AWS\":\"arn:aws:iam::703171089145:root\"}}]}",
            "override_json": null,
            "override_policy_documents": null,
            "policy_id": null,
            "source_json": null,
            "source_policy_documents": null,
            "statement": [
              {
                "actions": [],
                "condition": [],
                "effect": "Allow",
                "not_actions": [
                  "kms:Decrypt",
                  "kms:Encrypt",
                  "kms:GenerateDataKey*",
                  "kms:ReEncrypt*"
                ],
                "not_principals": [],
                "not_resources": [],
                "principals": [
                  {
                    "identifiers": [
                      "arn:aws:iam::703171089145:root"
                    ],
                    "type": "AWS"
                  }
                ],
                "resources": [
                  "*"
                ],
                "sid": "AllowAdmin"
              }
            ],
            "version": "2012-10-17"
          },
          "sensitive_attributes": []
        }
      ]
    },
    {
      "module": "module.workload-account-vault-ue1",
      "mode": "data",
      "type": "aws_iam_policy_document",
      "name": "this",
      "provider": "provider[\"registry.terraform.io/hashicorp/aws\"].delegate_backup_account",
      "instances": [
        {
          "schema_version": 0,
          "attributes": {
            "id": "3719598985",
            "json": "{\n  \"Version\": \"2012-10-17\",\n  \"Statement\": [\n    {\n      \"Sid\": \"allowBackupIntoVault\",\n      \"Effect\": \"Allow\",\n      \"Action\": [\n        \"backup:StartBackupJob\",\n        \"backup:PutBackupVaultNotifications\",\n        \"backup:PutBackupVaultAccessPolicy\",\n        \"backup:GetBackupVaultNotifications\",\n        \"backup:GetBackupVaultAccessPolicy\",\n        \"backup:DescribeBackupVault\",\n        \"backup:DeleteBackupVaultAccessPolicy\",\n        \"backup:DeleteBackupVault\"\n      ],\n      \"Resource\": \"arn:aws:backup:eu-west-2:703171089145:backup-vault:user-backup-vault\",\n      \"Principal\": {\n        \"AWS\": \"arn:aws:iam::703171089145:root\"\n      }\n    },\n    {\n      \"Sid\": \"allowBackupCopyIntoVault\",\n      \"Effect\": \"Allow\",\n      \"Action\": \"backup:CopyIntoBackupVault\",\n      \"Resource\": \"arn:aws:backup:eu-west-2:703171089145:backup-vault:user-backup-vault\",\n      \"Principal\": {\n        \"AWS\": \"*\"\n      },\n      \"Condition\": {\n        \"StringEquals\": {\n          \"aws:PrincipalOrgID\": \"o-nf1j8j167i\"\n        }\n      }\n    }\n  ]\n}",
            "minified_json": "{\"Version\":\"2012-10-17\",\"Statement\":[{\"Sid\":\"allowBackupIntoVault\",\"Effect\":\"Allow\",\"Action\":[\"backup:StartBackupJob\",\"backup:PutBackupVaultNotifications\",\"backup:PutBackupVaultAccessPolicy\",\"backup:GetBackupVaultNotifications\",\"backup:GetBackupVaultAccessPolicy\",\"backup:DescribeBackupVault\",\"backup:DeleteBackupVaultAccessPolicy\",\"backup:DeleteBackupVault\"],\"Resource\":\"arn:aws:backup:eu-west-2:703171089145:backup-vault:user-backup-vault\",\"Principal\":{\"AWS\":\"arn:aws:iam::703171089145:root\"}},{\"Sid\":\"allowBackupCopyIntoVault\",\"Effect\":\"Allow\",\"Action\":\"backup:CopyIntoBackupVault\",\"Resource\":\"arn:aws:backup:eu-west-2:703171089145:backup-vault:user-backup-vault\",\"Principal\":{\"AWS\":\"*\"},\"Condition\":{\"StringEquals\":{\"aws:PrincipalOrgID\":\"o-nf1j8j167i\"}}}]}",
            "override_json": null,
            "override_policy_documents": null,
            "policy_id": null,
            "source_json": null,
            "source_policy_documents": null,
            "statement": [
              {
                "actions": [
                  "backup:DeleteBackupVault",
                  "backup:DeleteBackupVaultAccessPolicy",
                  "backup:DescribeBackupVault",
                  "backup:GetBackupVaultAccessPolicy",
                  "backup:GetBackupVaultNotifications",
                  "backup:PutBackupVaultAccessPolicy",
                  "backup:PutBackupVaultNotifications",
                  "backup:StartBackupJob"
                ],
                "condition": [],
                "effect": "Allow",
                "not_actions": [],
                "not_principals": [],
                "not_resources": [],
                "principals": [
                  {
                    "identifiers": [
                      "arn:aws:iam::703171089145:root"
                    ],
                    "type": "AWS"
                  }
                ],
                "resources": [
                  "arn:aws:backup:eu-west-2:703171089145:backup-vault:user-backup-vault"
                ],
                "sid": "allowBackupIntoVault"
              },
              {
                "actions": [
                  "backup:CopyIntoBackupVault"
                ],
                "condition": [
                  {
                    "test": "StringEquals",
                    "values": [
                      "o-nf1j8j167i"
                    ],
                    "variable": "aws:PrincipalOrgID"
                  }
                ],
                "effect": "Allow",
                "not_actions": [],
                "not_principals": [],
                "not_resources": [],
                "principals": [
                  {
                    "identifiers": [
                      "*"
                    ],
                    "type": "AWS"
                  }
                ],
                "resources": [
                  "arn:aws:backup:eu-west-2:703171089145:backup-vault:user-backup-vault"
                ],
                "sid": "allowBackupCopyIntoVault"
              }
            ],
            "version": "2012-10-17"
          },
          "sensitive_attributes": []
        }
      ]
    },
    {
      "module": "module.workload-account-vault-ue1",
      "mode": "data",
      "type": "aws_organizations_organization",
      "name": "org",
      "provider": "provider[\"registry.terraform.io/hashicorp/aws\"].delegate_backup_account",
      "instances": [
        {
          "schema_version": 0,
          "attributes": {
            "accounts": [
              {
                "arn": "arn:aws:organizations::608633038850:account/o-nf1j8j167i/608633038850",
                "email": "info@kuboz-digital.co.uk",
                "id": "608633038850",
                "name": "KuBoz Digital Limited",
                "status": "ACTIVE"
              },
              {
                "arn": "arn:aws:organizations::608633038850:account/o-nf1j8j167i/703171089145",
                "email": "info@inkuboz.com",
                "id": "703171089145",
                "name": "Inkuboz Ltd",
                "status": "ACTIVE"
              }
            ],
            "arn": "arn:aws:organizations::608633038850:organization/o-nf1j8j167i",
            "aws_service_access_principals": [
              "backup.amazonaws.com",
              "iam.amazonaws.com",
              "sso.amazonaws.com"
            ],
            "enabled_policy_types": [
              "BACKUP_POLICY"
            ],
            "feature_set": "ALL",
            "id": "o-nf1j8j167i",
            "master_account_arn": "arn:aws:organizations::608633038850:account/o-nf1j8j167i/608633038850",
            "master_account_email": "info@kuboz-digital.co.uk",
            "master_account_id": "608633038850",
            "master_account_name": "KuBoz Digital Limited",
            "non_master_accounts": [
              {
                "arn": "arn:aws:organizations::608633038850:account/o-nf1j8j167i/703171089145",
                "email": "info@inkuboz.com",
                "id": "703171089145",
                "name": "Inkuboz Ltd",
                "status": "ACTIVE"
              }
            ],
            "roots": [
              {
                "arn": "arn:aws:organizations::608633038850:root/o-nf1j8j167i/r-p4vm",
                "id": "r-p4vm",
                "name": "Root",
                "policy_types": [
                  {
                    "status": "ENABLED",
                    "type": "BACKUP_POLICY"
                  }
                ]
              }
            ]
          },
          "sensitive_attributes": []
        }
      ]
    },
    {
      "module": "module.workload-account-vault-ue1",
      "mode": "managed",
      "type": "aws_backup_vault",
      "name": "account_vault",
      "provider": "provider[\"registry.terraform.io/hashicorp/aws\"].delegate_backup_account",
      "instances": [
        {
          "schema_version": 0,
          "attributes": {
            "arn": "arn:aws:backup:eu-west-2:703171089145:backup-vault:user-backup-vault",
            "force_destroy": false,
            "id": "user-backup-vault",
            "kms_key_arn": "arn:aws:kms:eu-west-2:703171089145:key/2a3ac7f8-13b6-452d-beef-917438405f53",
            "name": "user-backup-vault",
            "recovery_points": 0,
            "tags": null,
            "tags_all": {},
            "timeouts": null
          },
          "sensitive_attributes": [],
          "private": "eyJlMmJmYjczMC1lY2FhLTExZTYtOGY4OC0zNDM2M2JjN2M0YzAiOnsiZGVsZXRlIjo2MDAwMDAwMDAwMDB9fQ==",
          "dependencies": [
            "module.workload-account-vault-ue1.aws_kms_key.primary_key",
            "module.workload-account-vault-ue1.data.aws_iam_policy_document.key"
          ]
        }
      ]
    },
    {
      "module": "module.workload-account-vault-ue1",
      "mode": "managed",
      "type": "aws_backup_vault_policy",
      "name": "account_vault",
      "provider": "provider[\"registry.terraform.io/hashicorp/aws\"].delegate_backup_account",
      "instances": [
        {
          "schema_version": 0,
          "attributes": {
            "backup_vault_arn": "arn:aws:backup:eu-west-2:703171089145:backup-vault:user-backup-vault",
            "backup_vault_name": "user-backup-vault",
            "id": "user-backup-vault",
            "policy": "{\"Statement\":[{\"Action\":[\"backup:StartBackupJob\",\"backup:PutBackupVaultNotifications\",\"backup:PutBackupVaultAccessPolicy\",\"backup:GetBackupVaultNotifications\",\"backup:GetBackupVaultAccessPolicy\",\"backup:DescribeBackupVault\",\"backup:DeleteBackupVaultAccessPolicy\",\"backup:DeleteBackupVault\"],\"Effect\":\"Allow\",\"Principal\":{\"AWS\":\"arn:aws:iam::703171089145:root\"},\"Resource\":\"arn:aws:backup:eu-west-2:703171089145:backup-vault:user-backup-vault\",\"Sid\":\"allowBackupIntoVault\"},{\"Action\":\"backup:CopyIntoBackupVault\",\"Condition\":{\"StringEquals\":{\"aws:PrincipalOrgID\":\"o-nf1j8j167i\"}},\"Effect\":\"Allow\",\"Principal\":{\"AWS\":\"*\"},\"Resource\":\"arn:aws:backup:eu-west-2:703171089145:backup-vault:user-backup-vault\",\"Sid\":\"allowBackupCopyIntoVault\"}],\"Version\":\"2012-10-17\"}"
          },
          "sensitive_attributes": [],
          "private": "bnVsbA==",
          "dependencies": [
            "module.workload-account-vault-ue1.aws_backup_vault.account_vault",
            "module.workload-account-vault-ue1.aws_kms_key.primary_key",
            "module.workload-account-vault-ue1.data.aws_caller_identity.this",
            "module.workload-account-vault-ue1.data.aws_iam_policy_document.key",
            "module.workload-account-vault-ue1.data.aws_iam_policy_document.this",
            "module.workload-account-vault-ue1.data.aws_organizations_organization.org"
          ]
        }
      ]
    },
    {
      "module": "module.workload-account-vault-ue1",
      "mode": "managed",
      "type": "aws_kms_key",
      "name": "primary_key",
      "provider": "provider[\"registry.terraform.io/hashicorp/aws\"].delegate_backup_account",
      "instances": [
        {
          "schema_version": 0,
          "attributes": {
            "arn": "arn:aws:kms:eu-west-2:703171089145:key/2a3ac7f8-13b6-452d-beef-917438405f53",
            "bypass_policy_lockout_safety_check": false,
            "custom_key_store_id": "",
            "customer_master_key_spec": "SYMMETRIC_DEFAULT",
            "deletion_window_in_days": null,
            "description": "Primary backup vault key",
            "enable_key_rotation": true,
            "id": "2a3ac7f8-13b6-452d-beef-917438405f53",
            "is_enabled": true,
            "key_id": "2a3ac7f8-13b6-452d-beef-917438405f53",
            "key_usage": "ENCRYPT_DECRYPT",
            "multi_region": false,
            "policy": "{\"Statement\":[{\"Effect\":\"Allow\",\"NotAction\":[\"kms:ReEncrypt*\",\"kms:GenerateDataKey*\",\"kms:Encrypt\",\"kms:Decrypt\"],\"Principal\":{\"AWS\":\"arn:aws:iam::703171089145:root\"},\"Resource\":\"*\",\"Sid\":\"AllowAdmin\"}],\"Version\":\"2012-10-17\"}",
            "rotation_period_in_days": 365,
            "tags": null,
            "tags_all": {},
            "timeouts": null,
            "xks_key_id": ""
          },
          "sensitive_attributes": [],
          "private": "eyJlMmJmYjczMC1lY2FhLTExZTYtOGY4OC0zNDM2M2JjN2M0YzAiOnsiY3JlYXRlIjoxMjAwMDAwMDAwMDB9fQ==",
          "dependencies": [
            "module.workload-account-vault-ue1.data.aws_iam_policy_document.key"
          ]
        }
      ]
    }
  ],
  "check_results": null
}
